
Microsoft Visual Studio Solution File, Format Version 12.00
# Visual Studio Version 16
VisualStudioVersion = 16.0.28803.352
MinimumVisualStudioVersion = 10.0.40219.1
Project("{FAE04EC0-301F-11D3-BF4B-00C04F79EFBC}") = "FindMulShift", "FindMulShift.csproj", "{F767CEB3-A319-49B8-AB04-9CC98DF5632B}"
EndProject
Global
	GlobalSection(SolutionConfigurationPlatforms) = preSolution
		Debug|Any CPU = Debug|Any CPU
		Release|Any CPU = Release|Any CPU
	EndGlobalSection
	GlobalSection(ProjectConfigurationPlatforms) = postSolution
		{F767CEB3-A319-49B8-AB04-9CC98DF5632B}.Debug|Any CPU.ActiveCfg = Debug|Any CPU
		{F767CEB3-A319-49B8-AB04-9CC98DF5632B}.Debug|Any CPU.Build.0 = Debug|Any CPU
		{F767CEB3-A319-49B8-AB04-9CC98DF5632B}.Release|Any CPU.ActiveCfg = Release|Any CPU
		{F767CEB3-A319-49B8-AB04-9CC98DF5632B}.Release|Any CPU.Build.0 = Release|Any CPU
	EndGlobalSection
	GlobalSection(SolutionProperties) = preSolution
		HideSolutionNode = FALSE
	EndGlobalSection
	GlobalSection(ExtensibilityGlobals) = postSolution
		SolutionGuid = {5A877E5B-CA03-4E29-88BD-CA97EEBA566D}
	EndGlobalSection
EndGlobal
